
Microsoft Visual Studio Solution File, Format Version 12.00
# Visual Studio Version 18
VisualStudioVersion = 18.5.11723.231 stable
MinimumVisualStudioVersion = 10.0.40219.1
Project("{FAE04EC0-301F-11D3-BF4B-00C04F79EFBC}") = "ApiEmpresa", "ApiEmpresa.csproj", "{E92CF4D2-0AF5-9853-817E-29B95067450B}"
EndProject
Global
	GlobalSection(SolutionConfigurationPlatforms) = preSolution
		Debug|Any CPU = Debug|Any CPU
		Release|Any CPU = Release|Any CPU
	EndGlobalSection
	GlobalSection(ProjectConfigurationPlatforms) = postSolution
		{E92CF4D2-0AF5-9853-817E-29B95067450B}.Debug|Any CPU.ActiveCfg = Debug|Any CPU
		{E92CF4D2-0AF5-9853-817E-29B95067450B}.Debug|Any CPU.Build.0 = Debug|Any CPU
		{E92CF4D2-0AF5-9853-817E-29B95067450B}.Release|Any CPU.ActiveCfg = Release|Any CPU
		{E92CF4D2-0AF5-9853-817E-29B95067450B}.Release|Any CPU.Build.0 = Release|Any CPU
	EndGlobalSection
	GlobalSection(SolutionProperties) = preSolution
		HideSolutionNode = FALSE
	EndGlobalSection
	GlobalSection(ExtensibilityGlobals) = postSolution
		SolutionGuid = {E0EF4EAF-6BA7-4320-B25F-7FF6E6250CD2}
	EndGlobalSection
EndGlobal
